
Microsoft Visual Studio Solution File, Format Version 12.00
# Visual Studio 15
VisualStudioVersion = 15.0.27130.2036
MinimumVisualStudioVersion = 10.0.40219.1
Project("{FAE04EC0-301F-11D3-BF4B-00C04F79EFBC}") = "WcfService_ForWeb", "WcfService_ForWeb\WcfService_ForWeb.csproj", "{B49DFCF6-7585-4605-BAF9-AE3588634242}"
EndProject
Project("{FAE04EC0-301F-11D3-BF4B-00C04F79EFBC}") = "DAL", "DAL\DAL.csproj", "{4ADA054C-1A16-4D21-ACEA-C1D3BCD51CCB}"
EndProject
Project("{FAE04EC0-301F-11D3-BF4B-00C04F79EFBC}") = "BLL", "BLL\BLL.csproj", "{D6E0BBCA-0EDC-4A88-B026-58C0D425CCB5}"
EndProject
Global
	GlobalSection(SolutionConfigurationPlatforms) = preSolution
		Debug|Any CPU = Debug|Any CPU
		Release|Any CPU = Release|Any CPU
	EndGlobalSection
	GlobalSection(ProjectConfigurationPlatforms) = postSolution
		{B49DFCF6-7585-4605-BAF9-AE3588634242}.Debug|Any CPU.ActiveCfg = Debug|Any CPU
		{B49DFCF6-7585-4605-BAF9-AE3588634242}.Debug|Any CPU.Build.0 = Debug|Any CPU
		{B49DFCF6-7585-4605-BAF9-AE3588634242}.Release|Any CPU.ActiveCfg = Release|Any CPU
		{B49DFCF6-7585-4605-BAF9-AE3588634242}.Release|Any CPU.Build.0 = Release|Any CPU
		{4ADA054C-1A16-4D21-ACEA-C1D3BCD51CCB}.Debug|Any CPU.ActiveCfg = Debug|Any CPU
		{4ADA054C-1A16-4D21-ACEA-C1D3BCD51CCB}.Debug|Any CPU.Build.0 = Debug|Any CPU
		{4ADA054C-1A16-4D21-ACEA-C1D3BCD51CCB}.Release|Any CPU.ActiveCfg = Release|Any CPU
		{4ADA054C-1A16-4D21-ACEA-C1D3BCD51CCB}.Release|Any CPU.Build.0 = Release|Any CPU
		{D6E0BBCA-0EDC-4A88-B026-58C0D425CCB5}.Debug|Any CPU.ActiveCfg = Debug|Any CPU
		{D6E0BBCA-0EDC-4A88-B026-58C0D425CCB5}.Debug|Any CPU.Build.0 = Debug|Any CPU
		{D6E0BBCA-0EDC-4A88-B026-58C0D425CCB5}.Release|Any CPU.ActiveCfg = Release|Any CPU
		{D6E0BBCA-0EDC-4A88-B026-58C0D425CCB5}.Release|Any CPU.Build.0 = Release|Any CPU
	EndGlobalSection
	GlobalSection(SolutionProperties) = preSolution
		HideSolutionNode = FALSE
	EndGlobalSection
	GlobalSection(ExtensibilityGlobals) = postSolution
		SolutionGuid = {220FEF18-D36A-432A-B3F1-96718580F5A2}
	EndGlobalSection
EndGlobal
